// !$*UTF8*$!
{
	archiveVersion = 1;
	classes = {
	};
	objectVersion = 50;
	objects = {

/* Begin PBXBuildFile section */
		CF36875B21A48B7900283769 /* DocumentTableViewCell.swift in Sources */ = {isa = PBXBuildFile; fileRef = CF36875921A48B7900283769 /* DocumentTableViewCell.swift */; };
		CF36875C21A48B7900283769 /* DocumentTableViewCell.xib in Resources */ = {isa = PBXBuildFile; fileRef = CF36875A21A48B7900283769 /* DocumentTableViewCell.xib */; };
		CF3B39CA21A304D5006206EE /* AppDelegate.swift in Sources */ = {isa = PBXBuildFile; fileRef = CF3B39C921A304D5006206EE /* AppDelegate.swift */; };
		CF3B39CC21A304D5006206EE /* TableViewController.swift in Sources */ = {isa = PBXBuildFile; fileRef = CF3B39CB21A304D5006206EE /* TableViewController.swift */; };
		CF3B39CF21A304D5006206EE /* Main.storyboard in Resources */ = {isa = PBXBuildFile; fileRef = CF3B39CD21A304D5006206EE /* Main.storyboard */; };
		CF3B39D121A304DB006206EE /* Assets.xcassets in Resources */ = {isa = PBXBuildFile; fileRef = CF3B39D021A304DB006206EE /* Assets.xcassets */; };
		CF3B39D421A304DB006206EE /* LaunchScreen.storyboard in Resources */ = {isa = PBXBuildFile; fileRef = CF3B39D221A304DB006206EE /* LaunchScreen.storyboard */; };
		CF4D034721A6DEA70093CD84 /* DocumentsDataProvider.swift in Sources */ = {isa = PBXBuildFile; fileRef = CF4D034621A6DEA70093CD84 /* DocumentsDataProvider.swift */; };
/* End PBXBuildFile section */

/* Begin PBXFileReference section */
		CF36875921A48B7900283769 /* DocumentTableViewCell.swift */ = {isa = PBXFileReference; lastKnownFileType = sourcecode.swift; path = DocumentTableViewCell.swift; sourceTree = "<group>"; };
		CF36875A21A48B7900283769 /* DocumentTableViewCell.xib */ = {isa = PBXFileReference; lastKnownFileType = file.xib; path = DocumentTableViewCell.xib; sourceTree = "<group>"; };
		CF3B39C621A304D5006206EE /* PrivateTableViewCell.app */ = {isa = PBXFileReference; explicitFileType = wrapper.application; includeInIndex = 0; path = PrivateTableViewCell.app; sourceTree = BUILT_PRODUCTS_DIR; };
		CF3B39C921A304D5006206EE /* AppDelegate.swift */ = {isa = PBXFileReference; lastKnownFileType = sourcecode.swift; path = AppDelegate.swift; sourceTree = "<group>"; };
		CF3B39CB21A304D5006206EE /* TableViewController.swift */ = {isa = PBXFileReference; lastKnownFileType = sourcecode.swift; path = TableViewController.swift; sourceTree = "<group>"; };
		CF3B39CE21A304D5006206EE /* Base */ = {isa = PBXFileReference; lastKnownFileType = file.storyboard; name = Base; path = Base.lproj/Main.storyboard; sourceTree = "<group>"; };
		CF3B39D021A304DB006206EE /* Assets.xcassets */ = {isa = PBXFileReference; lastKnownFileType = folder.assetcatalog; path = Assets.xcassets; sourceTree = "<group>"; };
		CF3B39D321A304DB006206EE /* Base */ = {isa = PBXFileReference; lastKnownFileType = file.storyboard; name = Base; path = Base.lproj/LaunchScreen.storyboard; sourceTree = "<group>"; };
		CF3B39D521A304DB006206EE /* Info.plist */ = {isa = PBXFileReference; lastKnownFileType = text.plist.xml; path = Info.plist; sourceTree = "<group>"; };
		CF4D034621A6DEA70093CD84 /* DocumentsDataProvider.swift */ = {isa = PBXFileReference; lastKnownFileType = sourcecode.swift; path = DocumentsDataProvider.swift; sourceTree = "<group>"; };
		CF4D034821A737E30093CD84 /* README.md */ = {isa = PBXFileReference; lastKnownFileType = net.daringfireball.markdown; path = README.md; sourceTree = "<group>"; };
/* End PBXFileReference section */

/* Begin PBXFrameworksBuildPhase section */
		CF3B39C321A304D5006206EE /* Frameworks */ = {
			isa = PBXFrameworksBuildPhase;
			buildActionMask = 2147483647;
			files = (
			);
			runOnlyForDeploymentPostprocessing = 0;
		};
/* End PBXFrameworksBuildPhase section */

/* Begin PBXGroup section */
		CF3B39BD21A304D5006206EE = {
			isa = PBXGroup;
			children = (
				CF4D034821A737E30093CD84 /* README.md */,
				CF3B39C821A304D5006206EE /* PrivateTableViewCell */,
				CF3B39C721A304D5006206EE /* Products */,
			);
			sourceTree = "<group>";
		};
		CF3B39C721A304D5006206EE /* Products */ = {
			isa = PBXGroup;
			children = (
				CF3B39C621A304D5006206EE /* PrivateTableViewCell.app */,
			);
			name = Products;
			sourceTree = "<group>";
		};
		CF3B39C821A304D5006206EE /* PrivateTableViewCell */ = {
			isa = PBXGroup;
			children = (
				CF3B39C921A304D5006206EE /* AppDelegate.swift */,
				CF3B39CB21A304D5006206EE /* TableViewController.swift */,
				CF3B39CD21A304D5006206EE /* Main.storyboard */,
				CF3B39D021A304DB006206EE /* Assets.xcassets */,
				CF3B39D221A304DB006206EE /* LaunchScreen.storyboard */,
				CF3B39D521A304DB006206EE /* Info.plist */,
				CF36875921A48B7900283769 /* DocumentTableViewCell.swift */,
				CF36875A21A48B7900283769 /* DocumentTableViewCell.xib */,
				CF4D034621A6DEA70093CD84 /* DocumentsDataProvider.swift */,
			);
			path = PrivateTableViewCell;
			sourceTree = "<group>";
		};
/* End PBXGroup section */

/* Begin PBXNativeTarget section */
		CF3B39C521A304D5006206EE /* PrivateTableViewCell */ = {
			isa = PBXNativeTarget;
			buildConfigurationList = CF3B39D821A304DB006206EE /* Build configuration list for PBXNativeTarget "PrivateTableViewCell" */;
			buildPhases = (
				CF3B39C221A304D5006206EE /* Sources */,
				CF3B39C321A304D5006206EE /* Frameworks */,
				CF3B39C421A304D5006206EE /* Resources */,
			);
			buildRules = (
			);
			dependencies = (
			);
			name = PrivateTableViewCell;
			productName = PrivateTableViewCell;
			productReference = CF3B39C621A304D5006206EE /* PrivateTableViewCell.app */;
			productType = "com.apple.product-type.application";
		};
/* End PBXNativeTarget section */

/* Begin PBXProject section */
		CF3B39BE21A304D5006206EE /* Project object */ = {
			isa = PBXProject;
			attributes = {
				LastSwiftUpdateCheck = 1010;
				LastUpgradeCheck = 1010;
				ORGANIZATIONNAME = ru.in3s;
				TargetAttributes = {
					CF3B39C521A304D5006206EE = {
						CreatedOnToolsVersion = 10.1;
					};
				};
			};
			buildConfigurationList = CF3B39C121A304D5006206EE /* Build configuration list for PBXProject "PrivateTableViewCell" */;
			compatibilityVersion = "Xcode 9.3";
			developmentRegion = en;
			hasScannedForEncodings = 0;
			knownRegions = (
				en,
				Base,
			);
			mainGroup = CF3B39BD21A304D5006206EE;
			productRefGroup = CF3B39C721A304D5006206EE /* Products */;
			projectDirPath = "";
			projectRoot = "";
			targets = (
				CF3B39C521A304D5006206EE /* PrivateTableViewCell */,
			);
		};
/* End PBXProject section */

/* Begin PBXResourcesBuildPhase section */
		CF3B39C421A304D5006206EE /* Resources */ = {
			isa = PBXResourcesBuildPhase;
			buildActionMask = 2147483647;
			files = (
				CF36875C21A48B7900283769 /* DocumentTableViewCell.xib in Resources */,
				CF3B39D421A304DB006206EE /* LaunchScreen.storyboard in Resources */,
				CF3B39D121A304DB006206EE /* Assets.xcassets in Resources */,
				CF3B39CF21A304D5006206EE /* Main.storyboard in Resources */,
			);
			runOnlyForDeploymentPostprocessing = 0;
		};
/* End PBXResourcesBuildPhase section */

/* Begin PBXSourcesBuildPhase section */
		CF3B39C221A304D5006206EE /* Sources */ = {
			isa = PBXSourcesBuildPhase;
			buildActionMask = 2147483647;
			files = (
				CF3B39CC21A304D5006206EE /* TableViewController.swift in Sources */,
				CF4D034721A6DEA70093CD84 /* DocumentsDataProvider.swift in Sources */,
				CF36875B21A48B7900283769 /* DocumentTableViewCell.swift in Sources */,
				CF3B39CA21A304D5006206EE /* AppDelegate.swift in Sources */,
			);
			runOnlyForDeploymentPostprocessing = 0;
		};
/* End PBXSourcesBuildPhase section */

/* Begin PBXVariantGroup section */
		CF3B39CD21A304D5006206EE /* Main.storyboard */ = {
			isa = PBXVariantGroup;
			children = (
				CF3B39CE21A304D5006206EE /* Base */,
			);
			name = Main.storyboard;
			sourceTree = "<group>";
		};
		CF3B39D221A304DB006206EE /* LaunchScreen.storyboard */ = {
			isa = PBXVariantGroup;
			children = (
				CF3B39D321A304DB006206EE /* Base */,
			);
			name = LaunchScreen.storyboard;
			sourceTree = "<group>";
		};
/* End PBXVariantGroup section */

/* Begin XCBuildConfiguration section */
		CF3B39D621A304DB006206EE /* Debug */ = {
			isa = XCBuildConfiguration;
			buildSettings = {
				ALWAYS_SEARCH_USER_PATHS = NO;
				CLANG_ANALYZER_NONNULL = YES;
				CLANG_ANALYZER_NUMBER_OBJECT_CONVERSION = YES_AGGRESSIVE;
				CLANG_CXX_LANGUAGE_STANDARD = "gnu++14";
				CLANG_CXX_LIBRARY = "libc++";
				CLANG_ENABLE_MODULES = YES;
				CLANG_ENABLE_OBJC_ARC = YES;
				CLANG_ENABLE_OBJC_WEAK = YES;
				CLANG_WARN_BLOCK_CAPTURE_AUTORELEASING = YES;
				CLANG_WARN_BOOL_CONVERSION = YES;
				CLANG_WARN_COMMA = YES;
				CLANG_WARN_CONSTANT_CONVERSION = YES;
				CLANG_WARN_DEPRECATED_OBJC_IMPLEMENTATIONS = YES;
				CLANG_WARN_DIRECT_OBJC_ISA_USAGE = YES_ERROR;
				CLANG_WARN_DOCUMENTATION_COMMENTS = YES;
				CLANG_WARN_EMPTY_BODY = YES;
				CLANG_WARN_ENUM_CONVERSION = YES;
				CLANG_WARN_INFINITE_RECURSION = YES;
				CLANG_WARN_INT_CONVERSION = YES;
				CLANG_WARN_NON_LITERAL_NULL_CONVERSION = YES;
				CLANG_WARN_OBJC_IMPLICIT_RETAIN_SELF = YES;
				CLANG_WARN_OBJC_LITERAL_CONVERSION = YES;
				CLANG_WARN_OBJC_ROOT_CLASS = YES_ERROR;
				CLANG_WARN_RANGE_LOOP_ANALYSIS = YES;
				CLANG_WARN_STRICT_PROTOTYPES = YES;
				CLANG_WARN_SUSPICIOUS_MOVE = YES;
				CLANG_WARN_UNGUARDED_AVAILABILITY = YES_AGGRESSIVE;
				CLANG_WARN_UNREACHABLE_CODE = YES;
				CLANG_WARN__DUPLICATE_METHOD_MATCH = YES;
				CODE_SIGN_IDENTITY = "iPhone Developer";
				COPY_PHASE_STRIP = NO;
				DEBUG_INFORMATION_FORMAT = dwarf;
				ENABLE_STRICT_OBJC_MSGSEND = YES;
				ENABLE_TESTABILITY = YES;
				GCC_C_LANGUAGE_STANDARD = gnu11;
				GCC_DYNAMIC_NO_PIC = NO;
				GCC_NO_COMMON_BLOCKS = YES;
				GCC_OPTIMIZATION_LEVEL = 0;
				GCC_PREPROCESSOR_DEFINITIONS = (
					"DEBUG=1",
					"$(inherited)",
				);
				GCC_WARN_64_TO_32_BIT_CONVERSION = YES;
				GCC_WARN_ABOUT_RETURN_TYPE = YES_ERROR;
				GCC_WARN_UNDECLARED_SELECTOR = YES;
				GCC_WARN_UNINITIALIZED_AUTOS = YES_AGGRESSIVE;
				GCC_WARN_UNUSED_FUNCTION = YES;
				GCC_WARN_UNUSED_VARIABLE = YES;
				IPHONEOS_DEPLOYMENT_TARGET = 12.1;
				MTL_ENABLE_DEBUG_INFO = INCLUDE_SOURCE;
				MTL_FAST_MATH = YES;
				ONLY_ACTIVE_ARCH = YES;
				SDKROOT = iphoneos;
				SWIFT_ACTIVE_COMPILATION_CONDITIONS = DEBUG;
				SWIFT_OPTIMIZATION_LEVEL = "-Onone";
			};
			name = Debug;
		};
		CF3B39D721A304DB006206EE /* Release */ = {
			isa = XCBuildConfiguration;
			buildSettings = {
				ALWAYS_SEARCH_USER_PATHS = NO;
				CLANG_ANALYZER_NONNULL = YES;
				CLANG_ANALYZER_NUMBER_OBJECT_CONVERSION = YES_AGGRESSIVE;
				CLANG_CXX_LANGUAGE_STANDARD = "gnu++14";
				CLANG_CXX_LIBRARY = "libc++";
				CLANG_ENABLE_MODULES = YES;
				CLANG_ENABLE_OBJC_ARC = YES;
				CLANG_ENABLE_OBJC_WEAK = YES;
				CLANG_WARN_BLOCK_CAPTURE_AUTORELEASING = YES;
				CLANG_WARN_BOOL_CONVERSION = YES;
				CLANG_WARN_COMMA = YES;
				CLANG_WARN_CONSTANT_CONVERSION = YES;
				CLANG_WARN_DEPRECATED_OBJC_IMPLEMENTATIONS = YES;
				CLANG_WARN_DIRECT_OBJC_ISA_USAGE = YES_ERROR;
				CLANG_WARN_DOCUMENTATION_COMMENTS = YES;
				CLANG_WARN_EMPTY_BODY = YES;
				CLANG_WARN_ENUM_CONVERSION = YES;
				CLANG_WARN_INFINITE_RECURSION = YES;
				CLANG_WARN_INT_CONVERSION = YES;
				CLANG_WARN_NON_LITERAL_NULL_CONVERSION = YES;
				CLANG_WARN_OBJC_IMPLICIT_RETAIN_SELF = YES;
				CLANG_WARN_OBJC_LITERAL_CONVERSION = YES;
				CLANG_WARN_OBJC_ROOT_CLASS = YES_ERROR;
				CLANG_WARN_RANGE_LOOP_ANALYSIS = YES;
				CLANG_WARN_STRICT_PROTOTYPES = YES;
				CLANG_WARN_SUSPICIOUS_MOVE = YES;
				CLANG_WARN_UNGUARDED_AVAILABILITY = YES_AGGRESSIVE;
				CLANG_WARN_UNREACHABLE_CODE = YES;
				CLANG_WARN__DUPLICATE_METHOD_MATCH = YES;
				CODE_SIGN_IDENTITY = "iPhone Developer";
				COPY_PHASE_STRIP = NO;
				DEBUG_INFORMATION_FORMAT = "dwarf-with-dsym";
				ENABLE_NS_ASSERTIONS = NO;
				ENABLE_STRICT_OBJC_MSGSEND = YES;
				GCC_C_LANGUAGE_STANDARD = gnu11;
				GCC_NO_COMMON_BLOCKS = YES;
				GCC_WARN_64_TO_32_BIT_CONVERSION = YES;
				GCC_WARN_ABOUT_RETURN_TYPE = YES_ERROR;
				GCC_WARN_UNDECLARED_SELECTOR = YES;
				GCC_WARN_UNINITIALIZED_AUTOS = YES_AGGRESSIVE;
				GCC_WARN_UNUSED_FUNCTION = YES;
				GCC_WARN_UNUSED_VARIABLE = YES;
				IPHONEOS_DEPLOYMENT_TARGET = 12.1;
				MTL_ENABLE_DEBUG_INFO = NO;
				MTL_FAST_MATH = YES;
				SDKROOT = iphoneos;
				SWIFT_COMPILATION_MODE = wholemodule;
				SWIFT_OPTIMIZATION_LEVEL = "-O";
				VALIDATE_PRODUCT = YES;
			};
			name = Release;
		};
		CF3B39D921A304DB006206EE /* Debug */ = {
			isa = XCBuildConfiguration;
			buildSettings = {
				ASSETCATALOG_COMPILER_APPICON_NAME = AppIcon;
				CODE_SIGN_STYLE = Automatic;
				DEVELOPMENT_TEAM = TG4DG5AMGB;
				INFOPLIST_FILE = PrivateTableViewCell/Info.plist;
				LD_RUNPATH_SEARCH_PATHS = (
					"$(inherited)",
					"@executable_path/Frameworks",
				);
				PRODUCT_BUNDLE_IDENTIFIER = ru.in3s.PrivateTableViewCell;
				PRODUCT_NAME = "$(TARGET_NAME)";
				SWIFT_VERSION = 4.2;
				TARGETED_DEVICE_FAMILY = "1,2";
			};
			name = Debug;
		};
		CF3B39DA21A304DB006206EE /* Release */ = {
			isa = XCBuildConfiguration;
			buildSettings = {
				ASSETCATALOG_COMPILER_APPICON_NAME = AppIcon;
				CODE_SIGN_STYLE = Automatic;
				DEVELOPMENT_TEAM = TG4DG5AMGB;
				INFOPLIST_FILE = PrivateTableViewCell/Info.plist;
				LD_RUNPATH_SEARCH_PATHS = (
					"$(inherited)",
					"@executable_path/Frameworks",
				);
				PRODUCT_BUNDLE_IDENTIFIER = ru.in3s.PrivateTableViewCell;
				PRODUCT_NAME = "$(TARGET_NAME)";
				SWIFT_VERSION = 4.2;
				TARGETED_DEVICE_FAMILY = "1,2";
			};
			name = Release;
		};
/* End XCBuildConfiguration section */

/* Begin XCConfigurationList section */
		CF3B39C121A304D5006206EE /* Build configuration list for PBXProject "PrivateTableViewCell" */ = {
			isa = XCConfigurationList;
			buildConfigurations = (
				CF3B39D621A304DB006206EE /* Debug */,
				CF3B39D721A304DB006206EE /* Release */,
			);
			defaultConfigurationIsVisible = 0;
			defaultConfigurationName = Release;
		};
		CF3B39D821A304DB006206EE /* Build configuration list for PBXNativeTarget "PrivateTableViewCell" */ = {
			isa = XCConfigurationList;
			buildConfigurations = (
				CF3B39D921A304DB006206EE /* Debug */,
				CF3B39DA21A304DB006206EE /* Release */,
			);
			defaultConfigurationIsVisible = 0;
			defaultConfigurationName = Release;
		};
/* End XCConfigurationList section */
	};
	rootObject = CF3B39BE21A304D5006206EE /* Project object */;
}
